
Microsoft Visual Studio Solution File, Format Version 12.00
# Visual Studio Version 17
VisualStudioVersion = 17.8.34322.80
MinimumVisualStudioVersion = 10.0.40219.1
Project("{FAE04EC0-301F-11D3-BF4B-00C04F79EFBC}") = "CarRentalApp", "CarRentalApp\CarRentalApp.csproj", "{86A7A251-3AA3-4176-9E03-3FFCD3F79DD2}"
EndProject
Global
	GlobalSection(SolutionConfigurationPlatforms) = preSolution
		Debug|Any CPU = Debug|Any CPU
		Release|Any CPU = Release|Any CPU
	EndGlobalSection
	GlobalSection(ProjectConfigurationPlatforms) = postSolution
		{86A7A251-3AA3-4176-9E03-3FFCD3F79DD2}.Debug|Any CPU.ActiveCfg = Debug|Any CPU
		{86A7A251-3AA3-4176-9E03-3FFCD3F79DD2}.Debug|Any CPU.Build.0 = Debug|Any CPU
		{86A7A251-3AA3-4176-9E03-3FFCD3F79DD2}.Release|Any CPU.ActiveCfg = Release|Any CPU
		{86A7A251-3AA3-4176-9E03-3FFCD3F79DD2}.Release|Any CPU.Build.0 = Release|Any CPU
	EndGlobalSection
	GlobalSection(SolutionProperties) = preSolution
		HideSolutionNode = FALSE
	EndGlobalSection
	GlobalSection(ExtensibilityGlobals) = postSolution
		SolutionGuid = {F7D71427-7C54-4C19-B40A-714BAD4265A6}
	EndGlobalSection
EndGlobal
